
Microsoft Visual Studio Solution File, Format Version 12.00
Project("{FAE04EC0-301F-11D3-BF4B-00C04F79EFBC}") = "Web", "Web\Web.csproj", "{C4718233-03BC-4986-A39D-0D3B5AD97318}"
EndProject
Project("{2150E333-8FDC-42A3-9474-1A3956D46DE8}") = "Core", "Core", "{B1D0ABAC-4B75-4A52-AFB4-EE6C1C121FB0}"
EndProject
Project("{2150E333-8FDC-42A3-9474-1A3956D46DE8}") = "Infrastructure", "Infrastructure", "{FA91A022-75F4-4DA0-83D1-A0B2E13E1ACB}"
EndProject
Project("{FAE04EC0-301F-11D3-BF4B-00C04F79EFBC}") = "Domain", "Core\Domain\Domain.csproj", "{0481371C-9560-4FFF-AF33-3792DFA59191}"
EndProject
Project("{FAE04EC0-301F-11D3-BF4B-00C04F79EFBC}") = "Dal", "Infrastructure\Dal\Dal.csproj", "{47EF6C70-F938-4CF9-95C6-C447D5334BB5}"
EndProject
Project("{FAE04EC0-301F-11D3-BF4B-00C04F79EFBC}") = "Application", "Core\Application\Application.csproj", "{B34C87DB-0EC6-4E75-A58B-DDB27367A423}"
EndProject
Project("{2150E333-8FDC-42A3-9474-1A3956D46DE8}") = "Tests", "Tests", "{D2CD10AD-1C73-49CC-B967-B1AECD12CE5C}"
EndProject
Project("{FAE04EC0-301F-11D3-BF4B-00C04F79EFBC}") = "Domain", "Tests\Domain\Domain.csproj", "{E075C76A-DA27-410D-9B08-A588DAEECEE0}"
EndProject
Global
	GlobalSection(SolutionConfigurationPlatforms) = preSolution
		Debug|Any CPU = Debug|Any CPU
		Release|Any CPU = Release|Any CPU
	EndGlobalSection
	GlobalSection(ProjectConfigurationPlatforms) = postSolution
		{C4718233-03BC-4986-A39D-0D3B5AD97318}.Debug|Any CPU.ActiveCfg = Debug|Any CPU
		{C4718233-03BC-4986-A39D-0D3B5AD97318}.Debug|Any CPU.Build.0 = Debug|Any CPU
		{C4718233-03BC-4986-A39D-0D3B5AD97318}.Release|Any CPU.ActiveCfg = Release|Any CPU
		{C4718233-03BC-4986-A39D-0D3B5AD97318}.Release|Any CPU.Build.0 = Release|Any CPU
		{0481371C-9560-4FFF-AF33-3792DFA59191}.Debug|Any CPU.ActiveCfg = Debug|Any CPU
		{0481371C-9560-4FFF-AF33-3792DFA59191}.Debug|Any CPU.Build.0 = Debug|Any CPU
		{0481371C-9560-4FFF-AF33-3792DFA59191}.Release|Any CPU.ActiveCfg = Release|Any CPU
		{0481371C-9560-4FFF-AF33-3792DFA59191}.Release|Any CPU.Build.0 = Release|Any CPU
		{47EF6C70-F938-4CF9-95C6-C447D5334BB5}.Debug|Any CPU.ActiveCfg = Debug|Any CPU
		{47EF6C70-F938-4CF9-95C6-C447D5334BB5}.Debug|Any CPU.Build.0 = Debug|Any CPU
		{47EF6C70-F938-4CF9-95C6-C447D5334BB5}.Release|Any CPU.ActiveCfg = Release|Any CPU
		{47EF6C70-F938-4CF9-95C6-C447D5334BB5}.Release|Any CPU.Build.0 = Release|Any CPU
		{B34C87DB-0EC6-4E75-A58B-DDB27367A423}.Debug|Any CPU.ActiveCfg = Debug|Any CPU
		{B34C87DB-0EC6-4E75-A58B-DDB27367A423}.Debug|Any CPU.Build.0 = Debug|Any CPU
		{B34C87DB-0EC6-4E75-A58B-DDB27367A423}.Release|Any CPU.ActiveCfg = Release|Any CPU
		{B34C87DB-0EC6-4E75-A58B-DDB27367A423}.Release|Any CPU.Build.0 = Release|Any CPU
		{E075C76A-DA27-410D-9B08-A588DAEECEE0}.Debug|Any CPU.ActiveCfg = Debug|Any CPU
		{E075C76A-DA27-410D-9B08-A588DAEECEE0}.Debug|Any CPU.Build.0 = Debug|Any CPU
		{E075C76A-DA27-410D-9B08-A588DAEECEE0}.Release|Any CPU.ActiveCfg = Release|Any CPU
		{E075C76A-DA27-410D-9B08-A588DAEECEE0}.Release|Any CPU.Build.0 = Release|Any CPU
	EndGlobalSection
	GlobalSection(NestedProjects) = preSolution
		{0481371C-9560-4FFF-AF33-3792DFA59191} = {B1D0ABAC-4B75-4A52-AFB4-EE6C1C121FB0}
		{47EF6C70-F938-4CF9-95C6-C447D5334BB5} = {FA91A022-75F4-4DA0-83D1-A0B2E13E1ACB}
		{B34C87DB-0EC6-4E75-A58B-DDB27367A423} = {B1D0ABAC-4B75-4A52-AFB4-EE6C1C121FB0}
		{E075C76A-DA27-410D-9B08-A588DAEECEE0} = {D2CD10AD-1C73-49CC-B967-B1AECD12CE5C}
	EndGlobalSection
EndGlobal
